
Microsoft Visual Studio Solution File, Format Version 12.00
# Visual Studio Version 17
VisualStudioVersion = 17.8.34408.163
MinimumVisualStudioVersion = 10.0.40219.1
Project("{FAE04EC0-301F-11D3-BF4B-00C04F79EFBC}") = "lesson-2", "lesson-2.csproj", "{A15F126C-5F1E-4006-B043-18DA1B8CCC5D}"
EndProject
Global
	GlobalSection(SolutionConfigurationPlatforms) = preSolution
		Debug|Any CPU = Debug|Any CPU
		Release|Any CPU = Release|Any CPU
	EndGlobalSection
	GlobalSection(ProjectConfigurationPlatforms) = postSolution
		{A15F126C-5F1E-4006-B043-18DA1B8CCC5D}.Debug|Any CPU.ActiveCfg = Debug|Any CPU
		{A15F126C-5F1E-4006-B043-18DA1B8CCC5D}.Debug|Any CPU.Build.0 = Debug|Any CPU
		{A15F126C-5F1E-4006-B043-18DA1B8CCC5D}.Release|Any CPU.ActiveCfg = Release|Any CPU
		{A15F126C-5F1E-4006-B043-18DA1B8CCC5D}.Release|Any CPU.Build.0 = Release|Any CPU
	EndGlobalSection
	GlobalSection(SolutionProperties) = preSolution
		HideSolutionNode = FALSE
	EndGlobalSection
	GlobalSection(ExtensibilityGlobals) = postSolution
		SolutionGuid = {1DFF1D77-2573-47BD-8D14-A9BCAAE71114}
	EndGlobalSection
EndGlobal
